
Microsoft Visual Studio Solution File, Format Version 12.00
# Visual Studio Version 17
VisualStudioVersion = 17.14.36518.9 d17.14
MinimumVisualStudioVersion = 10.0.40219.1
Project("{FAE04EC0-301F-11D3-BF4B-00C04F79EFBC}") = "C#", "C#.csproj", "{403DA75F-9799-4774-BD4A-517CAB53E7DC}"
EndProject
Project("{888888A0-9F3D-457C-B088-3A5042F75D52}") = "PYTHON", "..\PYTHON\PYTHON.pyproj", "{49A47109-C783-4643-A35E-046F95E01D2B}"
EndProject
Global
	GlobalSection(SolutionConfigurationPlatforms) = preSolution
		Debug|Any CPU = Debug|Any CPU
		Release|Any CPU = Release|Any CPU
	EndGlobalSection
	GlobalSection(ProjectConfigurationPlatforms) = postSolution
		{403DA75F-9799-4774-BD4A-517CAB53E7DC}.Debug|Any CPU.ActiveCfg = Debug|Any CPU
		{403DA75F-9799-4774-BD4A-517CAB53E7DC}.Debug|Any CPU.Build.0 = Debug|Any CPU
		{403DA75F-9799-4774-BD4A-517CAB53E7DC}.Release|Any CPU.ActiveCfg = Release|Any CPU
		{403DA75F-9799-4774-BD4A-517CAB53E7DC}.Release|Any CPU.Build.0 = Release|Any CPU
		{49A47109-C783-4643-A35E-046F95E01D2B}.Debug|Any CPU.ActiveCfg = Debug|Any CPU
		{49A47109-C783-4643-A35E-046F95E01D2B}.Release|Any CPU.ActiveCfg = Release|Any CPU
	EndGlobalSection
	GlobalSection(SolutionProperties) = preSolution
		HideSolutionNode = FALSE
	EndGlobalSection
	GlobalSection(ExtensibilityGlobals) = postSolution
		SolutionGuid = {908750B1-4A87-424A-922E-D2711674C5FB}
	EndGlobalSection
EndGlobal
